// !$*UTF8*$!
{
	archiveVersion = 1;
	classes = {
	};
	objectVersion = 51;
	objects = {

/* Begin PBXBuildFile section */
		00EF483FFD937673CDC7667B /* Pods_MetaweatherTests.framework in Frameworks */ = {isa = PBXBuildFile; fileRef = EB3D3ACBA6D4174F76EF05EA /* Pods_MetaweatherTests.framework */; };
		B6885DA7267CC4A700C65993 /* AppDelegate.swift in Sources */ = {isa = PBXBuildFile; fileRef = B6885DA6267CC4A700C65993 /* AppDelegate.swift */; };
		B6885DAB267CC4A700C65993 /* CitiesViewController.swift in Sources */ = {isa = PBXBuildFile; fileRef = B6885DAA267CC4A700C65993 /* CitiesViewController.swift */; };
		B6885DAE267CC4A700C65993 /* Weather.storyboard in Resources */ = {isa = PBXBuildFile; fileRef = B6885DAC267CC4A700C65993 /* Weather.storyboard */; };
		B6885DB0267CC4A700C65993 /* Assets.xcassets in Resources */ = {isa = PBXBuildFile; fileRef = B6885DAF267CC4A700C65993 /* Assets.xcassets */; };
		B6885DB3267CC4A700C65993 /* LaunchScreen.storyboard in Resources */ = {isa = PBXBuildFile; fileRef = B6885DB1267CC4A700C65993 /* LaunchScreen.storyboard */; };
		B6885DBE267CC4A700C65993 /* MetaweatherTests.swift in Sources */ = {isa = PBXBuildFile; fileRef = B6885DBD267CC4A700C65993 /* MetaweatherTests.swift */; };
		B689B96E267CDB60002974B0 /* APIClient.swift in Sources */ = {isa = PBXBuildFile; fileRef = B689B96D267CDB60002974B0 /* APIClient.swift */; };
		B689B976267CDB6D002974B0 /* NetworkClient.swift in Sources */ = {isa = PBXBuildFile; fileRef = B689B975267CDB6D002974B0 /* NetworkClient.swift */; };
		B689B97B267CDB9A002974B0 /* Service.swift in Sources */ = {isa = PBXBuildFile; fileRef = B689B97A267CDB9A002974B0 /* Service.swift */; };
		B689B981267CDBB5002974B0 /* HTTPNetworkError.swift in Sources */ = {isa = PBXBuildFile; fileRef = B689B980267CDBB5002974B0 /* HTTPNetworkError.swift */; };
		B689B989267CDBC0002974B0 /* HTTPNetworkResponse.swift in Sources */ = {isa = PBXBuildFile; fileRef = B689B988267CDBC0002974B0 /* HTTPNetworkResponse.swift */; };
		B689B98E267CDBCB002974B0 /* HTTPMethod.swift in Sources */ = {isa = PBXBuildFile; fileRef = B689B98D267CDBCB002974B0 /* HTTPMethod.swift */; };
		B689B993267CDBD6002974B0 /* NetworkLogger.swift in Sources */ = {isa = PBXBuildFile; fileRef = B689B992267CDBD6002974B0 /* NetworkLogger.swift */; };
		B689B999267CE390002974B0 /* Encodable+toDictionary.swift in Sources */ = {isa = PBXBuildFile; fileRef = B689B998267CE390002974B0 /* Encodable+toDictionary.swift */; };
		B689B9A1267CF155002974B0 /* WeatherDetailsModel.swift in Sources */ = {isa = PBXBuildFile; fileRef = B689B9A0267CF155002974B0 /* WeatherDetailsModel.swift */; };
		B689B9A8267CFD2D002974B0 /* Config.swift in Sources */ = {isa = PBXBuildFile; fileRef = B689B9A7267CFD2D002974B0 /* Config.swift */; };
		B689B9B2267D0212002974B0 /* CityEnum.swift in Sources */ = {isa = PBXBuildFile; fileRef = B689B9B1267D0212002974B0 /* CityEnum.swift */; };
		B689B9C1267D0406002974B0 /* CitiesViewModel.swift in Sources */ = {isa = PBXBuildFile; fileRef = B689B9C0267D0406002974B0 /* CitiesViewModel.swift */; };
		B689B9D3267D0AAF002974B0 /* CityModel.swift in Sources */ = {isa = PBXBuildFile; fileRef = B689B9D2267D0AAF002974B0 /* CityModel.swift */; };
		B689B9DF267D4284002974B0 /* Coordinator.swift in Sources */ = {isa = PBXBuildFile; fileRef = B689B9DE267D4284002974B0 /* Coordinator.swift */; };
		B689B9E7267D4294002974B0 /* AppCoordinator.swift in Sources */ = {isa = PBXBuildFile; fileRef = B689B9E6267D4294002974B0 /* AppCoordinator.swift */; };
		B689B9EC267D42A2002974B0 /* CityCoordinator.swift in Sources */ = {isa = PBXBuildFile; fileRef = B689B9EB267D42A2002974B0 /* CityCoordinator.swift */; };
		B689B9F2267D4400002974B0 /* UIViewController+Extension.swift in Sources */ = {isa = PBXBuildFile; fileRef = B689B9F1267D4400002974B0 /* UIViewController+Extension.swift */; };
		B689BA08267D4BCA002974B0 /* CityForecastViewController.swift in Sources */ = {isa = PBXBuildFile; fileRef = B689BA07267D4BCA002974B0 /* CityForecastViewController.swift */; };
		B689BA13267D4BF3002974B0 /* CityForecastViewModel.swift in Sources */ = {isa = PBXBuildFile; fileRef = B689BA12267D4BF3002974B0 /* CityForecastViewModel.swift */; };
		B689BA18267D4C00002974B0 /* CityForecastModel.swift in Sources */ = {isa = PBXBuildFile; fileRef = B689BA17267D4C00002974B0 /* CityForecastModel.swift */; };
		B689BA1D267D5610002974B0 /* WeatherAPI.swift in Sources */ = {isa = PBXBuildFile; fileRef = B689BA1C267D5610002974B0 /* WeatherAPI.swift */; };
		B689BA33267D628A002974B0 /* Reactive+Extension.swift in Sources */ = {isa = PBXBuildFile; fileRef = B689BA32267D628A002974B0 /* Reactive+Extension.swift */; };
		B691E322267DD9FD00537BB1 /* String+Extension.swift in Sources */ = {isa = PBXBuildFile; fileRef = B691E321267DD9FD00537BB1 /* String+Extension.swift */; };
		B691E32A267DDB2900537BB1 /* Date+Extension.swift in Sources */ = {isa = PBXBuildFile; fileRef = B691E329267DDB2900537BB1 /* Date+Extension.swift */; };
		B691E333267DE1E800537BB1 /* CityForecastTableViewCell.swift in Sources */ = {isa = PBXBuildFile; fileRef = B691E331267DE1E800537BB1 /* CityForecastTableViewCell.swift */; };
		B691E334267DE1E800537BB1 /* CityForecastTableViewCell.xib in Resources */ = {isa = PBXBuildFile; fileRef = B691E332267DE1E800537BB1 /* CityForecastTableViewCell.xib */; };
		B6F39459442056B08510FD11 /* Pods_Metaweather.framework in Frameworks */ = {isa = PBXBuildFile; fileRef = DF035B8C831C4A9E46237F2D /* Pods_Metaweather.framework */; };
/* End PBXBuildFile section */

/* Begin PBXContainerItemProxy section */
		B6885DBA267CC4A700C65993 /* PBXContainerItemProxy */ = {
			isa = PBXContainerItemProxy;
			containerPortal = B6885D9B267CC4A600C65993 /* Project object */;
			proxyType = 1;
			remoteGlobalIDString = B6885DA2267CC4A700C65993;
			remoteInfo = Metaweather;
		};
		B6885DC5267CC4A800C65993 /* PBXContainerItemProxy */ = {
			isa = PBXContainerItemProxy;
			containerPortal = B6885D9B267CC4A600C65993 /* Project object */;
			proxyType = 1;
			remoteGlobalIDString = B6885DA2267CC4A700C65993;
			remoteInfo = Metaweather;
		};
/* End PBXContainerItemProxy section */

/* Begin PBXFileReference section */
		02E16D758571F2107EA78D6A /* Pods-Metaweather.release.xcconfig */ = {isa = PBXFileReference; includeInIndex = 1; lastKnownFileType = text.xcconfig; name = "Pods-Metaweather.release.xcconfig"; path = "Target Support Files/Pods-Metaweather/Pods-Metaweather.release.xcconfig"; sourceTree = "<group>"; };
		19969A38AF7A288677DDC60F /* Pods-MetaweatherTests.debug.xcconfig */ = {isa = PBXFileReference; includeInIndex = 1; lastKnownFileType = text.xcconfig; name = "Pods-MetaweatherTests.debug.xcconfig"; path = "Target Support Files/Pods-MetaweatherTests/Pods-MetaweatherTests.debug.xcconfig"; sourceTree = "<group>"; };
		600C959FE1BF7F837034D67B /* Pods-MetaweatherTests.release.xcconfig */ = {isa = PBXFileReference; includeInIndex = 1; lastKnownFileType = text.xcconfig; name = "Pods-MetaweatherTests.release.xcconfig"; path = "Target Support Files/Pods-MetaweatherTests/Pods-MetaweatherTests.release.xcconfig"; sourceTree = "<group>"; };
		B6885DA3267CC4A700C65993 /* Metaweather.app */ = {isa = PBXFileReference; explicitFileType = wrapper.application; includeInIndex = 0; path = Metaweather.app; sourceTree = BUILT_PRODUCTS_DIR; };
		B6885DA6267CC4A700C65993 /* AppDelegate.swift */ = {isa = PBXFileReference; lastKnownFileType = sourcecode.swift; path = AppDelegate.swift; sourceTree = "<group>"; };
		B6885DAA267CC4A700C65993 /* CitiesViewController.swift */ = {isa = PBXFileReference; lastKnownFileType = sourcecode.swift; path = CitiesViewController.swift; sourceTree = "<group>"; };
		B6885DAD267CC4A700C65993 /* Base */ = {isa = PBXFileReference; lastKnownFileType = file.storyboard; name = Base; path = Base.lproj/Weather.storyboard; sourceTree = "<group>"; };
		B6885DAF267CC4A700C65993 /* Assets.xcassets */ = {isa = PBXFileReference; lastKnownFileType = folder.assetcatalog; path = Assets.xcassets; sourceTree = "<group>"; };
		B6885DB2267CC4A700C65993 /* Base */ = {isa = PBXFileReference; lastKnownFileType = file.storyboard; name = Base; path = Base.lproj/LaunchScreen.storyboard; sourceTree = "<group>"; };
		B6885DB4267CC4A700C65993 /* Info.plist */ = {isa = PBXFileReference; lastKnownFileType = text.plist.xml; path = Info.plist; sourceTree = "<group>"; };
		B6885DB9267CC4A700C65993 /* MetaweatherTests.xctest */ = {isa = PBXFileReference; explicitFileType = wrapper.cfbundle; includeInIndex = 0; path = MetaweatherTests.xctest; sourceTree = BUILT_PRODUCTS_DIR; };
		B6885DBD267CC4A700C65993 /* MetaweatherTests.swift */ = {isa = PBXFileReference; lastKnownFileType = sourcecode.swift; path = MetaweatherTests.swift; sourceTree = "<group>"; };
		B6885DBF267CC4A700C65993 /* Info.plist */ = {isa = PBXFileReference; lastKnownFileType = text.plist.xml; path = Info.plist; sourceTree = "<group>"; };
		B6885DC4267CC4A800C65993 /* MetaweatherUITests.xctest */ = {isa = PBXFileReference; explicitFileType = wrapper.cfbundle; includeInIndex = 0; path = MetaweatherUITests.xctest; sourceTree = BUILT_PRODUCTS_DIR; };
		B689B96D267CDB60002974B0 /* APIClient.swift */ = {isa = PBXFileReference; lastKnownFileType = sourcecode.swift; path = APIClient.swift; sourceTree = "<group>"; };
		B689B975267CDB6D002974B0 /* NetworkClient.swift */ = {isa = PBXFileReference; lastKnownFileType = sourcecode.swift; path = NetworkClient.swift; sourceTree = "<group>"; };
		B689B97A267CDB9A002974B0 /* Service.swift */ = {isa = PBXFileReference; lastKnownFileType = sourcecode.swift; path = Service.swift; sourceTree = "<group>"; };
		B689B980267CDBB5002974B0 /* HTTPNetworkError.swift */ = {isa = PBXFileReference; lastKnownFileType = sourcecode.swift; path = HTTPNetworkError.swift; sourceTree = "<group>"; };
		B689B988267CDBC0002974B0 /* HTTPNetworkResponse.swift */ = {isa = PBXFileReference; lastKnownFileType = sourcecode.swift; path = HTTPNetworkResponse.swift; sourceTree = "<group>"; };
		B689B98D267CDBCB002974B0 /* HTTPMethod.swift */ = {isa = PBXFileReference; lastKnownFileType = sourcecode.swift; path = HTTPMethod.swift; sourceTree = "<group>"; };
		B689B992267CDBD6002974B0 /* NetworkLogger.swift */ = {isa = PBXFileReference; lastKnownFileType = sourcecode.swift; path = NetworkLogger.swift; sourceTree = "<group>"; };
		B689B998267CE390002974B0 /* Encodable+toDictionary.swift */ = {isa = PBXFileReference; lastKnownFileType = sourcecode.swift; path = "Encodable+toDictionary.swift"; sourceTree = "<group>"; };
		B689B9A0267CF155002974B0 /* WeatherDetailsModel.swift */ = {isa = PBXFileReference; lastKnownFileType = sourcecode.swift; path = WeatherDetailsModel.swift; sourceTree = "<group>"; };
		B689B9A7267CFD2D002974B0 /* Config.swift */ = {isa = PBXFileReference; lastKnownFileType = sourcecode.swift; path = Config.swift; sourceTree = "<group>"; };
		B689B9B1267D0212002974B0 /* CityEnum.swift */ = {isa = PBXFileReference; lastKnownFileType = sourcecode.swift; path = CityEnum.swift; sourceTree = "<group>"; };
		B689B9C0267D0406002974B0 /* CitiesViewModel.swift */ = {isa = PBXFileReference; lastKnownFileType = sourcecode.swift; path = CitiesViewModel.swift; sourceTree = "<group>"; };
		B689B9D2267D0AAF002974B0 /* CityModel.swift */ = {isa = PBXFileReference; lastKnownFileType = sourcecode.swift; path = CityModel.swift; sourceTree = "<group>"; };
		B689B9DE267D4284002974B0 /* Coordinator.swift */ = {isa = PBXFileReference; lastKnownFileType = sourcecode.swift; path = Coordinator.swift; sourceTree = "<group>"; };
		B689B9E6267D4294002974B0 /* AppCoordinator.swift */ = {isa = PBXFileReference; lastKnownFileType = sourcecode.swift; path = AppCoordinator.swift; sourceTree = "<group>"; };
		B689B9EB267D42A2002974B0 /* CityCoordinator.swift */ = {isa = PBXFileReference; lastKnownFileType = sourcecode.swift; path = CityCoordinator.swift; sourceTree = "<group>"; };
		B689B9F1267D4400002974B0 /* UIViewController+Extension.swift */ = {isa = PBXFileReference; lastKnownFileType = sourcecode.swift; path = "UIViewController+Extension.swift"; sourceTree = "<group>"; };
		B689BA07267D4BCA002974B0 /* CityForecastViewController.swift */ = {isa = PBXFileReference; lastKnownFileType = sourcecode.swift; path = CityForecastViewController.swift; sourceTree = "<group>"; };
		B689BA12267D4BF3002974B0 /* CityForecastViewModel.swift */ = {isa = PBXFileReference; lastKnownFileType = sourcecode.swift; path = CityForecastViewModel.swift; sourceTree = "<group>"; };
		B689BA17267D4C00002974B0 /* CityForecastModel.swift */ = {isa = PBXFileReference; lastKnownFileType = sourcecode.swift; path = CityForecastModel.swift; sourceTree = "<group>"; };
		B689BA1C267D5610002974B0 /* WeatherAPI.swift */ = {isa = PBXFileReference; lastKnownFileType = sourcecode.swift; path = WeatherAPI.swift; sourceTree = "<group>"; };
		B689BA32267D628A002974B0 /* Reactive+Extension.swift */ = {isa = PBXFileReference; lastKnownFileType = sourcecode.swift; path = "Reactive+Extension.swift"; sourceTree = "<group>"; };
		B691E321267DD9FD00537BB1 /* String+Extension.swift */ = {isa = PBXFileReference; lastKnownFileType = sourcecode.swift; path = "String+Extension.swift"; sourceTree = "<group>"; };
		B691E329267DDB2900537BB1 /* Date+Extension.swift */ = {isa = PBXFileReference; lastKnownFileType = sourcecode.swift; path = "Date+Extension.swift"; sourceTree = "<group>"; };
		B691E331267DE1E800537BB1 /* CityForecastTableViewCell.swift */ = {isa = PBXFileReference; lastKnownFileType = sourcecode.swift; path = CityForecastTableViewCell.swift; sourceTree = "<group>"; };
		B691E332267DE1E800537BB1 /* CityForecastTableViewCell.xib */ = {isa = PBXFileReference; lastKnownFileType = file.xib; path = CityForecastTableViewCell.xib; sourceTree = "<group>"; };
		DF035B8C831C4A9E46237F2D /* Pods_Metaweather.framework */ = {isa = PBXFileReference; explicitFileType = wrapper.framework; includeInIndex = 0; path = Pods_Metaweather.framework; sourceTree = BUILT_PRODUCTS_DIR; };
		E0C89EC02FF96003DFBD6A5B /* Pods-Metaweather.debug.xcconfig */ = {isa = PBXFileReference; includeInIndex = 1; lastKnownFileType = text.xcconfig; name = "Pods-Metaweather.debug.xcconfig"; path = "Target Support Files/Pods-Metaweather/Pods-Metaweather.debug.xcconfig"; sourceTree = "<group>"; };
		EB3D3ACBA6D4174F76EF05EA /* Pods_MetaweatherTests.framework */ = {isa = PBXFileReference; explicitFileType = wrapper.framework; includeInIndex = 0; path = Pods_MetaweatherTests.framework; sourceTree = BUILT_PRODUCTS_DIR; };
/* End PBXFileReference section */

/* Begin PBXFrameworksBuildPhase section */
		B6885DA0267CC4A700C65993 /* Frameworks */ = {
			isa = PBXFrameworksBuildPhase;
			buildActionMask = 2147483647;
			files = (
				B6F39459442056B08510FD11 /* Pods_Metaweather.framework in Frameworks */,
			);
			runOnlyForDeploymentPostprocessing = 0;
		};
		B6885DB6267CC4A700C65993 /* Frameworks */ = {
			isa = PBXFrameworksBuildPhase;
			buildActionMask = 2147483647;
			files = (
				00EF483FFD937673CDC7667B /* Pods_MetaweatherTests.framework in Frameworks */,
			);
			runOnlyForDeploymentPostprocessing = 0;
		};
		B6885DC1267CC4A800C65993 /* Frameworks */ = {
			isa = PBXFrameworksBuildPhase;
			buildActionMask = 2147483647;
			files = (
			);
			runOnlyForDeploymentPostprocessing = 0;
		};
/* End PBXFrameworksBuildPhase section */

/* Begin PBXGroup section */
		13F6A92BD48D3FF7C00FBC8F /* Frameworks */ = {
			isa = PBXGroup;
			children = (
				DF035B8C831C4A9E46237F2D /* Pods_Metaweather.framework */,
				EB3D3ACBA6D4174F76EF05EA /* Pods_MetaweatherTests.framework */,
			);
			name = Frameworks;
			sourceTree = "<group>";
		};
		3CDFF04FD29F389406A917D8 /* Pods */ = {
			isa = PBXGroup;
			children = (
				E0C89EC02FF96003DFBD6A5B /* Pods-Metaweather.debug.xcconfig */,
				02E16D758571F2107EA78D6A /* Pods-Metaweather.release.xcconfig */,
				19969A38AF7A288677DDC60F /* Pods-MetaweatherTests.debug.xcconfig */,
				600C959FE1BF7F837034D67B /* Pods-MetaweatherTests.release.xcconfig */,
			);
			path = Pods;
			sourceTree = "<group>";
		};
		B6885D9A267CC4A600C65993 = {
			isa = PBXGroup;
			children = (
				B6885DA5267CC4A700C65993 /* Metaweather */,
				B6885DBC267CC4A700C65993 /* MetaweatherTests */,
				B6885DA4267CC4A700C65993 /* Products */,
				3CDFF04FD29F389406A917D8 /* Pods */,
				13F6A92BD48D3FF7C00FBC8F /* Frameworks */,
			);
			sourceTree = "<group>";
		};
		B6885DA4267CC4A700C65993 /* Products */ = {
			isa = PBXGroup;
			children = (
				B6885DA3267CC4A700C65993 /* Metaweather.app */,
				B6885DB9267CC4A700C65993 /* MetaweatherTests.xctest */,
				B6885DC4267CC4A800C65993 /* MetaweatherUITests.xctest */,
			);
			name = Products;
			sourceTree = "<group>";
		};
		B6885DA5267CC4A700C65993 /* Metaweather */ = {
			isa = PBXGroup;
			children = (
				B689B962267CDAF7002974B0 /* App */,
				B689B9DC267D426B002974B0 /* Coordinators */,
				B689B966267CDB34002974B0 /* API Client */,
				B689B9AF267CFF9C002974B0 /* Weather */,
				B689B9A5267CFD05002974B0 /* Resource */,
				B6885DB4267CC4A700C65993 /* Info.plist */,
			);
			path = Metaweather;
			sourceTree = "<group>";
		};
		B6885DBC267CC4A700C65993 /* MetaweatherTests */ = {
			isa = PBXGroup;
			children = (
				B6885DBD267CC4A700C65993 /* MetaweatherTests.swift */,
				B6885DBF267CC4A700C65993 /* Info.plist */,
			);
			path = MetaweatherTests;
			sourceTree = "<group>";
		};
		B689B962267CDAF7002974B0 /* App */ = {
			isa = PBXGroup;
			children = (
				B6885DA6267CC4A700C65993 /* AppDelegate.swift */,
			);
			path = App;
			sourceTree = "<group>";
		};
		B689B966267CDB34002974B0 /* API Client */ = {
			isa = PBXGroup;
			children = (
				B689B96C267CDB53002974B0 /* Networking */,
				B689B968267CDB4B002974B0 /* Models */,
				B689B967267CDB43002974B0 /* API */,
				B689B96D267CDB60002974B0 /* APIClient.swift */,
				B689B975267CDB6D002974B0 /* NetworkClient.swift */,
			);
			path = "API Client";
			sourceTree = "<group>";
		};
		B689B967267CDB43002974B0 /* API */ = {
			isa = PBXGroup;
			children = (
				B689BA1C267D5610002974B0 /* WeatherAPI.swift */,
			);
			path = API;
			sourceTree = "<group>";
		};
		B689B968267CDB4B002974B0 /* Models */ = {
			isa = PBXGroup;
			children = (
				B689B9A0267CF155002974B0 /* WeatherDetailsModel.swift */,
			);
			path = Models;
			sourceTree = "<group>";
		};
		B689B96C267CDB53002974B0 /* Networking */ = {
			isa = PBXGroup;
			children = (
				B689B97F267CDBA4002974B0 /* Service */,
				B689B997267CE37F002974B0 /* Encoding */,
			);
			path = Networking;
			sourceTree = "<group>";
		};
		B689B97F267CDBA4002974B0 /* Service */ = {
			isa = PBXGroup;
			children = (
				B689B97A267CDB9A002974B0 /* Service.swift */,
				B689B980267CDBB5002974B0 /* HTTPNetworkError.swift */,
				B689B988267CDBC0002974B0 /* HTTPNetworkResponse.swift */,
				B689B98D267CDBCB002974B0 /* HTTPMethod.swift */,
				B689B992267CDBD6002974B0 /* NetworkLogger.swift */,
			);
			path = Service;
			sourceTree = "<group>";
		};
		B689B997267CE37F002974B0 /* Encoding */ = {
			isa = PBXGroup;
			children = (
				B689B998267CE390002974B0 /* Encodable+toDictionary.swift */,
			);
			path = Encoding;
			sourceTree = "<group>";
		};
		B689B9A5267CFD05002974B0 /* Resource */ = {
			isa = PBXGroup;
			children = (
				B689B9F0267D43F1002974B0 /* Extensions */,
				B689B9B0267D01FE002974B0 /* Enum */,
				B689B9A6267CFD14002974B0 /* SupportingFile */,
			);
			path = Resource;
			sourceTree = "<group>";
		};
		B689B9A6267CFD14002974B0 /* SupportingFile */ = {
			isa = PBXGroup;
			children = (
				B6885DAF267CC4A700C65993 /* Assets.xcassets */,
				B689B9A7267CFD2D002974B0 /* Config.swift */,
			);
			path = SupportingFile;
			sourceTree = "<group>";
		};
		B689B9AF267CFF9C002974B0 /* Weather */ = {
			isa = PBXGroup;
			children = (
				B689BA06267D4BA8002974B0 /* City Forecast */,
				B689B9FF267D4619002974B0 /* Storyboard */,
				B689B9B9267D02FC002974B0 /* Cities */,
			);
			path = Weather;
			sourceTree = "<group>";
		};
		B689B9B0267D01FE002974B0 /* Enum */ = {
			isa = PBXGroup;
			children = (
				B689B9B1267D0212002974B0 /* CityEnum.swift */,
			);
			path = Enum;
			sourceTree = "<group>";
		};
		B689B9B9267D02FC002974B0 /* Cities */ = {
			isa = PBXGroup;
			children = (
				B6885DAA267CC4A700C65993 /* CitiesViewController.swift */,
				B689B9C0267D0406002974B0 /* CitiesViewModel.swift */,
				B689B9D2267D0AAF002974B0 /* CityModel.swift */,
			);
			path = Cities;
			sourceTree = "<group>";
		};
		B689B9DC267D426B002974B0 /* Coordinators */ = {
			isa = PBXGroup;
			children = (
				B689B9DD267D4275002974B0 /* Abstraction */,
				B689B9E6267D4294002974B0 /* AppCoordinator.swift */,
				B689B9EB267D42A2002974B0 /* CityCoordinator.swift */,
			);
			path = Coordinators;
			sourceTree = "<group>";
		};
		B689B9DD267D4275002974B0 /* Abstraction */ = {
			isa = PBXGroup;
			children = (
				B689B9DE267D4284002974B0 /* Coordinator.swift */,
			);
			path = Abstraction;
			sourceTree = "<group>";
		};
		B689B9F0267D43F1002974B0 /* Extensions */ = {
			isa = PBXGroup;
			children = (
				B689B9F1267D4400002974B0 /* UIViewController+Extension.swift */,
				B689BA32267D628A002974B0 /* Reactive+Extension.swift */,
				B691E321267DD9FD00537BB1 /* String+Extension.swift */,
				B691E329267DDB2900537BB1 /* Date+Extension.swift */,
			);
			path = Extensions;
			sourceTree = "<group>";
		};
		B689B9FF267D4619002974B0 /* Storyboard */ = {
			isa = PBXGroup;
			children = (
				B6885DAC267CC4A700C65993 /* Weather.storyboard */,
				B6885DB1267CC4A700C65993 /* LaunchScreen.storyboard */,
			);
			path = Storyboard;
			sourceTree = "<group>";
		};
		B689BA06267D4BA8002974B0 /* City Forecast */ = {
			isa = PBXGroup;
			children = (
				B691E32F267DE19D00537BB1 /* Adapters */,
				B689BA07267D4BCA002974B0 /* CityForecastViewController.swift */,
				B689BA12267D4BF3002974B0 /* CityForecastViewModel.swift */,
				B689BA17267D4C00002974B0 /* CityForecastModel.swift */,
			);
			path = "City Forecast";
			sourceTree = "<group>";
		};
		B691E32F267DE19D00537BB1 /* Adapters */ = {
			isa = PBXGroup;
			children = (
				B691E330267DE1AF00537BB1 /* Cells */,
			);
			path = Adapters;
			sourceTree = "<group>";
		};
		B691E330267DE1AF00537BB1 /* Cells */ = {
			isa = PBXGroup;
			children = (
				B691E331267DE1E800537BB1 /* CityForecastTableViewCell.swift */,
				B691E332267DE1E800537BB1 /* CityForecastTableViewCell.xib */,
			);
			path = Cells;
			sourceTree = "<group>";
		};
/* End PBXGroup section */

/* Begin PBXNativeTarget section */
		B6885DA2267CC4A700C65993 /* Metaweather */ = {
			isa = PBXNativeTarget;
			buildConfigurationList = B6885DCD267CC4A800C65993 /* Build configuration list for PBXNativeTarget "Metaweather" */;
			buildPhases = (
				E7B39DD451919E0575594584 /* [CP] Check Pods Manifest.lock */,
				B6885D9F267CC4A700C65993 /* Sources */,
				B6885DA0267CC4A700C65993 /* Frameworks */,
				B6885DA1267CC4A700C65993 /* Resources */,
				0928C9A7BA57B8E072E52EE3 /* [CP] Embed Pods Frameworks */,
			);
			buildRules = (
			);
			dependencies = (
			);
			name = Metaweather;
			productName = Metaweather;
			productReference = B6885DA3267CC4A700C65993 /* Metaweather.app */;
			productType = "com.apple.product-type.application";
		};
		B6885DB8267CC4A700C65993 /* MetaweatherTests */ = {
			isa = PBXNativeTarget;
			buildConfigurationList = B6885DD0267CC4A800C65993 /* Build configuration list for PBXNativeTarget "MetaweatherTests" */;
			buildPhases = (
				69369B7D8982EDA9EF31DE2D /* [CP] Check Pods Manifest.lock */,
				B6885DB5267CC4A700C65993 /* Sources */,
				B6885DB6267CC4A700C65993 /* Frameworks */,
				B6885DB7267CC4A700C65993 /* Resources */,
			);
			buildRules = (
			);
			dependencies = (
				B6885DBB267CC4A700C65993 /* PBXTargetDependency */,
			);
			name = MetaweatherTests;
			productName = MetaweatherTests;
			productReference = B6885DB9267CC4A700C65993 /* MetaweatherTests.xctest */;
			productType = "com.apple.product-type.bundle.unit-test";
		};
		B6885DC3267CC4A800C65993 /* MetaweatherUITests */ = {
			isa = PBXNativeTarget;
			buildConfigurationList = B6885DD3267CC4A800C65993 /* Build configuration list for PBXNativeTarget "MetaweatherUITests" */;
			buildPhases = (
				B6885DC0267CC4A800C65993 /* Sources */,
				B6885DC1267CC4A800C65993 /* Frameworks */,
				B6885DC2267CC4A800C65993 /* Resources */,
			);
			buildRules = (
			);
			dependencies = (
				B6885DC6267CC4A800C65993 /* PBXTargetDependency */,
			);
			name = MetaweatherUITests;
			productName = MetaweatherUITests;
			productReference = B6885DC4267CC4A800C65993 /* MetaweatherUITests.xctest */;
			productType = "com.apple.product-type.bundle.ui-testing";
		};
/* End PBXNativeTarget section */

/* Begin PBXProject section */
		B6885D9B267CC4A600C65993 /* Project object */ = {
			isa = PBXProject;
			attributes = {
				LastSwiftUpdateCheck = 1240;
				LastUpgradeCheck = 1240;
				TargetAttributes = {
					B6885DA2267CC4A700C65993 = {
						CreatedOnToolsVersion = 12.4;
					};
					B6885DB8267CC4A700C65993 = {
						CreatedOnToolsVersion = 12.4;
						TestTargetID = B6885DA2267CC4A700C65993;
					};
					B6885DC3267CC4A800C65993 = {
						CreatedOnToolsVersion = 12.4;
						TestTargetID = B6885DA2267CC4A700C65993;
					};
				};
			};
			buildConfigurationList = B6885D9E267CC4A600C65993 /* Build configuration list for PBXProject "Metaweather" */;
			compatibilityVersion = "Xcode 9.3";
			developmentRegion = en;
			hasScannedForEncodings = 0;
			knownRegions = (
				en,
				Base,
			);
			mainGroup = B6885D9A267CC4A600C65993;
			productRefGroup = B6885DA4267CC4A700C65993 /* Products */;
			projectDirPath = "";
			projectRoot = "";
			targets = (
				B6885DA2267CC4A700C65993 /* Metaweather */,
				B6885DB8267CC4A700C65993 /* MetaweatherTests */,
				B6885DC3267CC4A800C65993 /* MetaweatherUITests */,
			);
		};
/* End PBXProject section */

/* Begin PBXResourcesBuildPhase section */
		B6885DA1267CC4A700C65993 /* Resources */ = {
			isa = PBXResourcesBuildPhase;
			buildActionMask = 2147483647;
			files = (
				B6885DB3267CC4A700C65993 /* LaunchScreen.storyboard in Resources */,
				B691E334267DE1E800537BB1 /* CityForecastTableViewCell.xib in Resources */,
				B6885DB0267CC4A700C65993 /* Assets.xcassets in Resources */,
				B6885DAE267CC4A700C65993 /* Weather.storyboard in Resources */,
			);
			runOnlyForDeploymentPostprocessing = 0;
		};
		B6885DB7267CC4A700C65993 /* Resources */ = {
			isa = PBXResourcesBuildPhase;
			buildActionMask = 2147483647;
			files = (
			);
			runOnlyForDeploymentPostprocessing = 0;
		};
		B6885DC2267CC4A800C65993 /* Resources */ = {
			isa = PBXResourcesBuildPhase;
			buildActionMask = 2147483647;
			files = (
			);
			runOnlyForDeploymentPostprocessing = 0;
		};
/* End PBXResourcesBuildPhase section */

/* Begin PBXShellScriptBuildPhase section */
		0928C9A7BA57B8E072E52EE3 /* [CP] Embed Pods Frameworks */ = {
			isa = PBXShellScriptBuildPhase;
			buildActionMask = 2147483647;
			files = (
			);
			inputFileListPaths = (
				"${PODS_ROOT}/Target Support Files/Pods-Metaweather/Pods-Metaweather-frameworks-${CONFIGURATION}-input-files.xcfilelist",
			);
			name = "[CP] Embed Pods Frameworks";
			outputFileListPaths = (
				"${PODS_ROOT}/Target Support Files/Pods-Metaweather/Pods-Metaweather-frameworks-${CONFIGURATION}-output-files.xcfilelist",
			);
			runOnlyForDeploymentPostprocessing = 0;
			shellPath = /bin/sh;
			shellScript = "\"${PODS_ROOT}/Target Support Files/Pods-Metaweather/Pods-Metaweather-frameworks.sh\"\n";
			showEnvVarsInLog = 0;
		};
		69369B7D8982EDA9EF31DE2D /* [CP] Check Pods Manifest.lock */ = {
			isa = PBXShellScriptBuildPhase;
			buildActionMask = 2147483647;
			files = (
			);
			inputFileListPaths = (
			);
			inputPaths = (
				"${PODS_PODFILE_DIR_PATH}/Podfile.lock",
				"${PODS_ROOT}/Manifest.lock",
			);
			name = "[CP] Check Pods Manifest.lock";
			outputFileListPaths = (
			);
			outputPaths = (
				"$(DERIVED_FILE_DIR)/Pods-MetaweatherTests-checkManifestLockResult.txt",
			);
			runOnlyForDeploymentPostprocessing = 0;
			shellPath = /bin/sh;
			shellScript = "diff \"${PODS_PODFILE_DIR_PATH}/Podfile.lock\" \"${PODS_ROOT}/Manifest.lock\" > /dev/null\nif [ $? != 0 ] ; then\n    # print error to STDERR\n    echo \"error: The sandbox is not in sync with the Podfile.lock. Run 'pod install' or update your CocoaPods installation.\" >&2\n    exit 1\nfi\n# This output is used by Xcode 'outputs' to avoid re-running this script phase.\necho \"SUCCESS\" > \"${SCRIPT_OUTPUT_FILE_0}\"\n";
			showEnvVarsInLog = 0;
		};
		E7B39DD451919E0575594584 /* [CP] Check Pods Manifest.lock */ = {
			isa = PBXShellScriptBuildPhase;
			buildActionMask = 2147483647;
			files = (
			);
			inputFileListPaths = (
			);
			inputPaths = (
				"${PODS_PODFILE_DIR_PATH}/Podfile.lock",
				"${PODS_ROOT}/Manifest.lock",
			);
			name = "[CP] Check Pods Manifest.lock";
			outputFileListPaths = (
			);
			outputPaths = (
				"$(DERIVED_FILE_DIR)/Pods-Metaweather-checkManifestLockResult.txt",
			);
			runOnlyForDeploymentPostprocessing = 0;
			shellPath = /bin/sh;
			shellScript = "diff \"${PODS_PODFILE_DIR_PATH}/Podfile.lock\" \"${PODS_ROOT}/Manifest.lock\" > /dev/null\nif [ $? != 0 ] ; then\n    # print error to STDERR\n    echo \"error: The sandbox is not in sync with the Podfile.lock. Run 'pod install' or update your CocoaPods installation.\" >&2\n    exit 1\nfi\n# This output is used by Xcode 'outputs' to avoid re-running this script phase.\necho \"SUCCESS\" > \"${SCRIPT_OUTPUT_FILE_0}\"\n";
			showEnvVarsInLog = 0;
		};
/* End PBXShellScriptBuildPhase section */

/* Begin PBXSourcesBuildPhase section */
		B6885D9F267CC4A700C65993 /* Sources */ = {
			isa = PBXSourcesBuildPhase;
			buildActionMask = 2147483647;
			files = (
				B691E322267DD9FD00537BB1 /* String+Extension.swift in Sources */,
				B689B999267CE390002974B0 /* Encodable+toDictionary.swift in Sources */,
				B689B9EC267D42A2002974B0 /* CityCoordinator.swift in Sources */,
				B689B993267CDBD6002974B0 /* NetworkLogger.swift in Sources */,
				B6885DAB267CC4A700C65993 /* CitiesViewController.swift in Sources */,
				B689B981267CDBB5002974B0 /* HTTPNetworkError.swift in Sources */,
				B689B9D3267D0AAF002974B0 /* CityModel.swift in Sources */,
				B689BA13267D4BF3002974B0 /* CityForecastViewModel.swift in Sources */,
				B691E333267DE1E800537BB1 /* CityForecastTableViewCell.swift in Sources */,
				B689B9C1267D0406002974B0 /* CitiesViewModel.swift in Sources */,
				B689B976267CDB6D002974B0 /* NetworkClient.swift in Sources */,
				B6885DA7267CC4A700C65993 /* AppDelegate.swift in Sources */,
				B689B9DF267D4284002974B0 /* Coordinator.swift in Sources */,
				B689B9A8267CFD2D002974B0 /* Config.swift in Sources */,
				B689B98E267CDBCB002974B0 /* HTTPMethod.swift in Sources */,
				B689B9B2267D0212002974B0 /* CityEnum.swift in Sources */,
				B691E32A267DDB2900537BB1 /* Date+Extension.swift in Sources */,
				B689B989267CDBC0002974B0 /* HTTPNetworkResponse.swift in Sources */,
				B689B96E267CDB60002974B0 /* APIClient.swift in Sources */,
				B689B9E7267D4294002974B0 /* AppCoordinator.swift in Sources */,
				B689BA18267D4C00002974B0 /* CityForecastModel.swift in Sources */,
				B689B97B267CDB9A002974B0 /* Service.swift in Sources */,
				B689BA08267D4BCA002974B0 /* CityForecastViewController.swift in Sources */,
				B689B9F2267D4400002974B0 /* UIViewController+Extension.swift in Sources */,
				B689B9A1267CF155002974B0 /* WeatherDetailsModel.swift in Sources */,
				B689BA33267D628A002974B0 /* Reactive+Extension.swift in Sources */,
				B689BA1D267D5610002974B0 /* WeatherAPI.swift in Sources */,
			);
			runOnlyForDeploymentPostprocessing = 0;
		};
		B6885DB5267CC4A700C65993 /* Sources */ = {
			isa = PBXSourcesBuildPhase;
			buildActionMask = 2147483647;
			files = (
				B6885DBE267CC4A700C65993 /* MetaweatherTests.swift in Sources */,
			);
			runOnlyForDeploymentPostprocessing = 0;
		};
		B6885DC0267CC4A800C65993 /* Sources */ = {
			isa = PBXSourcesBuildPhase;
			buildActionMask = 2147483647;
			files = (
			);
			runOnlyForDeploymentPostprocessing = 0;
		};
/* End PBXSourcesBuildPhase section */

/* Begin PBXTargetDependency section */
		B6885DBB267CC4A700C65993 /* PBXTargetDependency */ = {
			isa = PBXTargetDependency;
			target = B6885DA2267CC4A700C65993 /* Metaweather */;
			targetProxy = B6885DBA267CC4A700C65993 /* PBXContainerItemProxy */;
		};
		B6885DC6267CC4A800C65993 /* PBXTargetDependency */ = {
			isa = PBXTargetDependency;
			target = B6885DA2267CC4A700C65993 /* Metaweather */;
			targetProxy = B6885DC5267CC4A800C65993 /* PBXContainerItemProxy */;
		};
/* End PBXTargetDependency section */

/* Begin PBXVariantGroup section */
		B6885DAC267CC4A700C65993 /* Weather.storyboard */ = {
			isa = PBXVariantGroup;
			children = (
				B6885DAD267CC4A700C65993 /* Base */,
			);
			name = Weather.storyboard;
			sourceTree = "<group>";
		};
		B6885DB1267CC4A700C65993 /* LaunchScreen.storyboard */ = {
			isa = PBXVariantGroup;
			children = (
				B6885DB2267CC4A700C65993 /* Base */,
			);
			name = LaunchScreen.storyboard;
			sourceTree = "<group>";
		};
/* End PBXVariantGroup section */

/* Begin XCBuildConfiguration section */
		B6885DCB267CC4A800C65993 /* Debug */ = {
			isa = XCBuildConfiguration;
			buildSettings = {
				ALWAYS_SEARCH_USER_PATHS = NO;
				CLANG_ANALYZER_NONNULL = YES;
				CLANG_ANALYZER_NUMBER_OBJECT_CONVERSION = YES_AGGRESSIVE;
				CLANG_CXX_LANGUAGE_STANDARD = "gnu++14";
				CLANG_CXX_LIBRARY = "libc++";
				CLANG_ENABLE_MODULES = YES;
				CLANG_ENABLE_OBJC_ARC = YES;
				CLANG_ENABLE_OBJC_WEAK = YES;
				CLANG_WARN_BLOCK_CAPTURE_AUTORELEASING = YES;
				CLANG_WARN_BOOL_CONVERSION = YES;
				CLANG_WARN_COMMA = YES;
				CLANG_WARN_CONSTANT_CONVERSION = YES;
				CLANG_WARN_DEPRECATED_OBJC_IMPLEMENTATIONS = YES;
				CLANG_WARN_DIRECT_OBJC_ISA_USAGE = YES_ERROR;
				CLANG_WARN_DOCUMENTATION_COMMENTS = YES;
				CLANG_WARN_EMPTY_BODY = YES;
				CLANG_WARN_ENUM_CONVERSION = YES;
				CLANG_WARN_INFINITE_RECURSION = YES;
				CLANG_WARN_INT_CONVERSION = YES;
				CLANG_WARN_NON_LITERAL_NULL_CONVERSION = YES;
				CLANG_WARN_OBJC_IMPLICIT_RETAIN_SELF = YES;
				CLANG_WARN_OBJC_LITERAL_CONVERSION = YES;
				CLANG_WARN_OBJC_ROOT_CLASS = YES_ERROR;
				CLANG_WARN_QUOTED_INCLUDE_IN_FRAMEWORK_HEADER = YES;
				CLANG_WARN_RANGE_LOOP_ANALYSIS = YES;
				CLANG_WARN_STRICT_PROTOTYPES = YES;
				CLANG_WARN_SUSPICIOUS_MOVE = YES;
				CLANG_WARN_UNGUARDED_AVAILABILITY = YES_AGGRESSIVE;
				CLANG_WARN_UNREACHABLE_CODE = YES;
				CLANG_WARN__DUPLICATE_METHOD_MATCH = YES;
				COPY_PHASE_STRIP = NO;
				DEBUG_INFORMATION_FORMAT = dwarf;
				ENABLE_STRICT_OBJC_MSGSEND = YES;
				ENABLE_TESTABILITY = YES;
				GCC_C_LANGUAGE_STANDARD = gnu11;
				GCC_DYNAMIC_NO_PIC = NO;
				GCC_NO_COMMON_BLOCKS = YES;
				GCC_OPTIMIZATION_LEVEL = 0;
				GCC_PREPROCESSOR_DEFINITIONS = (
					"DEBUG=1",
					"$(inherited)",
				);
				GCC_WARN_64_TO_32_BIT_CONVERSION = YES;
				GCC_WARN_ABOUT_RETURN_TYPE = YES_ERROR;
				GCC_WARN_UNDECLARED_SELECTOR = YES;
				GCC_WARN_UNINITIALIZED_AUTOS = YES_AGGRESSIVE;
				GCC_WARN_UNUSED_FUNCTION = YES;
				GCC_WARN_UNUSED_VARIABLE = YES;
				IPHONEOS_DEPLOYMENT_TARGET = 14.4;
				MTL_ENABLE_DEBUG_INFO = INCLUDE_SOURCE;
				MTL_FAST_MATH = YES;
				ONLY_ACTIVE_ARCH = YES;
				SDKROOT = iphoneos;
				SWIFT_ACTIVE_COMPILATION_CONDITIONS = DEBUG;
				SWIFT_OPTIMIZATION_LEVEL = "-Onone";
			};
			name = Debug;
		};
		B6885DCC267CC4A800C65993 /* Release */ = {
			isa = XCBuildConfiguration;
			buildSettings = {
				ALWAYS_SEARCH_USER_PATHS = NO;
				CLANG_ANALYZER_NONNULL = YES;
				CLANG_ANALYZER_NUMBER_OBJECT_CONVERSION = YES_AGGRESSIVE;
				CLANG_CXX_LANGUAGE_STANDARD = "gnu++14";
				CLANG_CXX_LIBRARY = "libc++";
				CLANG_ENABLE_MODULES = YES;
				CLANG_ENABLE_OBJC_ARC = YES;
				CLANG_ENABLE_OBJC_WEAK = YES;
				CLANG_WARN_BLOCK_CAPTURE_AUTORELEASING = YES;
				CLANG_WARN_BOOL_CONVERSION = YES;
				CLANG_WARN_COMMA = YES;
				CLANG_WARN_CONSTANT_CONVERSION = YES;
				CLANG_WARN_DEPRECATED_OBJC_IMPLEMENTATIONS = YES;
				CLANG_WARN_DIRECT_OBJC_ISA_USAGE = YES_ERROR;
				CLANG_WARN_DOCUMENTATION_COMMENTS = YES;
				CLANG_WARN_EMPTY_BODY = YES;
				CLANG_WARN_ENUM_CONVERSION = YES;
				CLANG_WARN_INFINITE_RECURSION = YES;
				CLANG_WARN_INT_CONVERSION = YES;
				CLANG_WARN_NON_LITERAL_NULL_CONVERSION = YES;
				CLANG_WARN_OBJC_IMPLICIT_RETAIN_SELF = YES;
				CLANG_WARN_OBJC_LITERAL_CONVERSION = YES;
				CLANG_WARN_OBJC_ROOT_CLASS = YES_ERROR;
				CLANG_WARN_QUOTED_INCLUDE_IN_FRAMEWORK_HEADER = YES;
				CLANG_WARN_RANGE_LOOP_ANALYSIS = YES;
				CLANG_WARN_STRICT_PROTOTYPES = YES;
				CLANG_WARN_SUSPICIOUS_MOVE = YES;
				CLANG_WARN_UNGUARDED_AVAILABILITY = YES_AGGRESSIVE;
				CLANG_WARN_UNREACHABLE_CODE = YES;
				CLANG_WARN__DUPLICATE_METHOD_MATCH = YES;
				COPY_PHASE_STRIP = NO;
				DEBUG_INFORMATION_FORMAT = "dwarf-with-dsym";
				ENABLE_NS_ASSERTIONS = NO;
				ENABLE_STRICT_OBJC_MSGSEND = YES;
				GCC_C_LANGUAGE_STANDARD = gnu11;
				GCC_NO_COMMON_BLOCKS = YES;
				GCC_WARN_64_TO_32_BIT_CONVERSION = YES;
				GCC_WARN_ABOUT_RETURN_TYPE = YES_ERROR;
				GCC_WARN_UNDECLARED_SELECTOR = YES;
				GCC_WARN_UNINITIALIZED_AUTOS = YES_AGGRESSIVE;
				GCC_WARN_UNUSED_FUNCTION = YES;
				GCC_WARN_UNUSED_VARIABLE = YES;
				IPHONEOS_DEPLOYMENT_TARGET = 14.4;
				MTL_ENABLE_DEBUG_INFO = NO;
				MTL_FAST_MATH = YES;
				SDKROOT = iphoneos;
				SWIFT_COMPILATION_MODE = wholemodule;
				SWIFT_OPTIMIZATION_LEVEL = "-O";
				VALIDATE_PRODUCT = YES;
			};
			name = Release;
		};
		B6885DCE267CC4A800C65993 /* Debug */ = {
			isa = XCBuildConfiguration;
			baseConfigurationReference = E0C89EC02FF96003DFBD6A5B /* Pods-Metaweather.debug.xcconfig */;
			buildSettings = {
				ASSETCATALOG_COMPILER_APPICON_NAME = AppIcon;
				ASSETCATALOG_COMPILER_GLOBAL_ACCENT_COLOR_NAME = AccentColor;
				CODE_SIGN_STYLE = Automatic;
				INFOPLIST_FILE = Metaweather/Info.plist;
				LD_RUNPATH_SEARCH_PATHS = (
					"$(inherited)",
					"@executable_path/Frameworks",
				);
				PRODUCT_BUNDLE_IDENTIFIER = Bassuni.Metaweather;
				PRODUCT_NAME = "$(TARGET_NAME)";
				SWIFT_VERSION = 5.0;
				TARGETED_DEVICE_FAMILY = "1,2";
			};
			name = Debug;
		};
		B6885DCF267CC4A800C65993 /* Release */ = {
			isa = XCBuildConfiguration;
			baseConfigurationReference = 02E16D758571F2107EA78D6A /* Pods-Metaweather.release.xcconfig */;
			buildSettings = {
				ASSETCATALOG_COMPILER_APPICON_NAME = AppIcon;
				ASSETCATALOG_COMPILER_GLOBAL_ACCENT_COLOR_NAME = AccentColor;
				CODE_SIGN_STYLE = Automatic;
				INFOPLIST_FILE = Metaweather/Info.plist;
				LD_RUNPATH_SEARCH_PATHS = (
					"$(inherited)",
					"@executable_path/Frameworks",
				);
				PRODUCT_BUNDLE_IDENTIFIER = Bassuni.Metaweather;
				PRODUCT_NAME = "$(TARGET_NAME)";
				SWIFT_VERSION = 5.0;
				TARGETED_DEVICE_FAMILY = "1,2";
			};
			name = Release;
		};
		B6885DD1267CC4A800C65993 /* Debug */ = {
			isa = XCBuildConfiguration;
			baseConfigurationReference = 19969A38AF7A288677DDC60F /* Pods-MetaweatherTests.debug.xcconfig */;
			buildSettings = {
				ALWAYS_EMBED_SWIFT_STANDARD_LIBRARIES = YES;
				BUNDLE_LOADER = "$(TEST_HOST)";
				CODE_SIGN_STYLE = Automatic;
				INFOPLIST_FILE = MetaweatherTests/Info.plist;
				IPHONEOS_DEPLOYMENT_TARGET = 14.4;
				LD_RUNPATH_SEARCH_PATHS = (
					"$(inherited)",
					"@executable_path/Frameworks",
					"@loader_path/Frameworks",
				);
				PRODUCT_BUNDLE_IDENTIFIER = Bassuni.MetaweatherTests;
				PRODUCT_NAME = "$(TARGET_NAME)";
				SWIFT_VERSION = 5.0;
				TARGETED_DEVICE_FAMILY = "1,2";
				TEST_HOST = "$(BUILT_PRODUCTS_DIR)/Metaweather.app/Metaweather";
			};
			name = Debug;
		};
		B6885DD2267CC4A800C65993 /* Release */ = {
			isa = XCBuildConfiguration;
			baseConfigurationReference = 600C959FE1BF7F837034D67B /* Pods-MetaweatherTests.release.xcconfig */;
			buildSettings = {
				ALWAYS_EMBED_SWIFT_STANDARD_LIBRARIES = YES;
				BUNDLE_LOADER = "$(TEST_HOST)";
				CODE_SIGN_STYLE = Automatic;
				INFOPLIST_FILE = MetaweatherTests/Info.plist;
				IPHONEOS_DEPLOYMENT_TARGET = 14.4;
				LD_RUNPATH_SEARCH_PATHS = (
					"$(inherited)",
					"@executable_path/Frameworks",
					"@loader_path/Frameworks",
				);
				PRODUCT_BUNDLE_IDENTIFIER = Bassuni.MetaweatherTests;
				PRODUCT_NAME = "$(TARGET_NAME)";
				SWIFT_VERSION = 5.0;
				TARGETED_DEVICE_FAMILY = "1,2";
				TEST_HOST = "$(BUILT_PRODUCTS_DIR)/Metaweather.app/Metaweather";
			};
			name = Release;
		};
		B6885DD4267CC4A800C65993 /* Debug */ = {
			isa = XCBuildConfiguration;
			buildSettings = {
				ALWAYS_EMBED_SWIFT_STANDARD_LIBRARIES = YES;
				CODE_SIGN_STYLE = Automatic;
				INFOPLIST_FILE = MetaweatherUITests/Info.plist;
				LD_RUNPATH_SEARCH_PATHS = (
					"$(inherited)",
					"@executable_path/Frameworks",
					"@loader_path/Frameworks",
				);
				PRODUCT_BUNDLE_IDENTIFIER = Bassuni.MetaweatherUITests;
				PRODUCT_NAME = "$(TARGET_NAME)";
				SWIFT_VERSION = 5.0;
				TARGETED_DEVICE_FAMILY = "1,2";
				TEST_TARGET_NAME = Metaweather;
			};
			name = Debug;
		};
		B6885DD5267CC4A800C65993 /* Release */ = {
			isa = XCBuildConfiguration;
			buildSettings = {
				ALWAYS_EMBED_SWIFT_STANDARD_LIBRARIES = YES;
				CODE_SIGN_STYLE = Automatic;
				INFOPLIST_FILE = MetaweatherUITests/Info.plist;
				LD_RUNPATH_SEARCH_PATHS = (
					"$(inherited)",
					"@executable_path/Frameworks",
					"@loader_path/Frameworks",
				);
				PRODUCT_BUNDLE_IDENTIFIER = Bassuni.MetaweatherUITests;
				PRODUCT_NAME = "$(TARGET_NAME)";
				SWIFT_VERSION = 5.0;
				TARGETED_DEVICE_FAMILY = "1,2";
				TEST_TARGET_NAME = Metaweather;
			};
			name = Release;
		};
/* End XCBuildConfiguration section */

/* Begin XCConfigurationList section */
		B6885D9E267CC4A600C65993 /* Build configuration list for PBXProject "Metaweather" */ = {
			isa = XCConfigurationList;
			buildConfigurations = (
				B6885DCB267CC4A800C65993 /* Debug */,
				B6885DCC267CC4A800C65993 /* Release */,
			);
			defaultConfigurationIsVisible = 0;
			defaultConfigurationName = Release;
		};
		B6885DCD267CC4A800C65993 /* Build configuration list for PBXNativeTarget "Metaweather" */ = {
			isa = XCConfigurationList;
			buildConfigurations = (
				B6885DCE267CC4A800C65993 /* Debug */,
				B6885DCF267CC4A800C65993 /* Release */,
			);
			defaultConfigurationIsVisible = 0;
			defaultConfigurationName = Release;
		};
		B6885DD0267CC4A800C65993 /* Build configuration list for PBXNativeTarget "MetaweatherTests" */ = {
			isa = XCConfigurationList;
			buildConfigurations = (
				B6885DD1267CC4A800C65993 /* Debug */,
				B6885DD2267CC4A800C65993 /* Release */,
			);
			defaultConfigurationIsVisible = 0;
			defaultConfigurationName = Release;
		};
		B6885DD3267CC4A800C65993 /* Build configuration list for PBXNativeTarget "MetaweatherUITests" */ = {
			isa = XCConfigurationList;
			buildConfigurations = (
				B6885DD4267CC4A800C65993 /* Debug */,
				B6885DD5267CC4A800C65993 /* Release */,
			);
			defaultConfigurationIsVisible = 0;
			defaultConfigurationName = Release;
		};
/* End XCConfigurationList section */
	};
	rootObject = B6885D9B267CC4A600C65993 /* Project object */;
}
